
Microsoft Visual Studio Solution File, Format Version 12.00
# Visual Studio 14
VisualStudioVersion = 14.0.24720.0
MinimumVisualStudioVersion = 10.0.40219.1
Project("{8BC9CEB8-8B4A-11D0-8D11-00A0C91BC942}") = "SFML game", "SFML game\SFML game.vcxproj", "{4D93D78C-653C-49B2-945A-8E56139F6085}"
EndProject
Global
	GlobalSection(SolutionConfigurationPlatforms) = preSolution
		Rel(MapMaker)|x64 = Rel(MapMaker)|x64
		Rel(MapMaker)|x86 = Rel(MapMaker)|x86
		Release(Game)|x64 = Release(Game)|x64
		Release(Game)|x86 = Release(Game)|x86
	EndGlobalSection
	GlobalSection(ProjectConfigurationPlatforms) = postSolution
		{4D93D78C-653C-49B2-945A-8E56139F6085}.Rel(MapMaker)|x64.ActiveCfg = Rel(MapMaker)|x64
		{4D93D78C-653C-49B2-945A-8E56139F6085}.Rel(MapMaker)|x64.Build.0 = Rel(MapMaker)|x64
		{4D93D78C-653C-49B2-945A-8E56139F6085}.Rel(MapMaker)|x86.ActiveCfg = Rel(MapMaker)|Win32
		{4D93D78C-653C-49B2-945A-8E56139F6085}.Rel(MapMaker)|x86.Build.0 = Rel(MapMaker)|Win32
		{4D93D78C-653C-49B2-945A-8E56139F6085}.Release(Game)|x64.ActiveCfg = Release|x64
		{4D93D78C-653C-49B2-945A-8E56139F6085}.Release(Game)|x64.Build.0 = Release|x64
		{4D93D78C-653C-49B2-945A-8E56139F6085}.Release(Game)|x86.ActiveCfg = Release|Win32
		{4D93D78C-653C-49B2-945A-8E56139F6085}.Release(Game)|x86.Build.0 = Release|Win32
	EndGlobalSection
	GlobalSection(SolutionProperties) = preSolution
		HideSolutionNode = FALSE
	EndGlobalSection
EndGlobal
